
Microsoft Visual Studio Solution File, Format Version 11.00
# Visual Studio 2010
Project("{FAE04EC0-301F-11D3-BF4B-00C04F79EFBC}") = "XNArtillery", "XNArtillery\XNArtillery\XNArtillery.csproj", "{F30736E8-2504-49B5-B3E1-00C62771D525}"
EndProject
Project("{FAE04EC0-301F-11D3-BF4B-00C04F79EFBC}") = "XNArtilleryContent", "XNArtillery\XNArtilleryContent\XNArtilleryContent.contentproj", "{A929C621-6EA2-487E-A584-65A583EA2975}"
EndProject
Project("{FAE04EC0-301F-11D3-BF4B-00C04F79EFBC}") = "ByloEngine", "..\ByloEngine\ByloEngine.csproj", "{F73B2B03-87B9-46B5-956F-0D5738B85143}"
EndProject
Project("{FAE04EC0-301F-11D3-BF4B-00C04F79EFBC}") = "ByloDraw2D", "..\ByloDraw2D\ByloDraw2D.csproj", "{E81F28A2-6A44-4BEE-B647-39EF00966FF3}"
EndProject
Global
	GlobalSection(SolutionConfigurationPlatforms) = preSolution
		Debug|Any CPU = Debug|Any CPU
		Debug|Mixed Platforms = Debug|Mixed Platforms
		Debug|x86 = Debug|x86
		Release|Any CPU = Release|Any CPU
		Release|Mixed Platforms = Release|Mixed Platforms
		Release|x86 = Release|x86
	EndGlobalSection
	GlobalSection(ProjectConfigurationPlatforms) = postSolution
		{F30736E8-2504-49B5-B3E1-00C62771D525}.Debug|Any CPU.ActiveCfg = Debug|x86
		{F30736E8-2504-49B5-B3E1-00C62771D525}.Debug|Mixed Platforms.ActiveCfg = Debug|x86
		{F30736E8-2504-49B5-B3E1-00C62771D525}.Debug|Mixed Platforms.Build.0 = Debug|x86
		{F30736E8-2504-49B5-B3E1-00C62771D525}.Debug|x86.ActiveCfg = Debug|x86
		{F30736E8-2504-49B5-B3E1-00C62771D525}.Debug|x86.Build.0 = Debug|x86
		{F30736E8-2504-49B5-B3E1-00C62771D525}.Release|Any CPU.ActiveCfg = Release|x86
		{F30736E8-2504-49B5-B3E1-00C62771D525}.Release|Mixed Platforms.ActiveCfg = Release|x86
		{F30736E8-2504-49B5-B3E1-00C62771D525}.Release|Mixed Platforms.Build.0 = Release|x86
		{F30736E8-2504-49B5-B3E1-00C62771D525}.Release|x86.ActiveCfg = Release|x86
		{F30736E8-2504-49B5-B3E1-00C62771D525}.Release|x86.Build.0 = Release|x86
		{A929C621-6EA2-487E-A584-65A583EA2975}.Debug|Any CPU.ActiveCfg = Debug|x86
		{A929C621-6EA2-487E-A584-65A583EA2975}.Debug|Mixed Platforms.ActiveCfg = Debug|x86
		{A929C621-6EA2-487E-A584-65A583EA2975}.Debug|x86.ActiveCfg = Debug|x86
		{A929C621-6EA2-487E-A584-65A583EA2975}.Release|Any CPU.ActiveCfg = Release|x86
		{A929C621-6EA2-487E-A584-65A583EA2975}.Release|Mixed Platforms.ActiveCfg = Release|x86
		{A929C621-6EA2-487E-A584-65A583EA2975}.Release|x86.ActiveCfg = Release|x86
		{F73B2B03-87B9-46B5-956F-0D5738B85143}.Debug|Any CPU.ActiveCfg = Debug|x86
		{F73B2B03-87B9-46B5-956F-0D5738B85143}.Debug|Mixed Platforms.ActiveCfg = Debug|x86
		{F73B2B03-87B9-46B5-956F-0D5738B85143}.Debug|Mixed Platforms.Build.0 = Debug|x86
		{F73B2B03-87B9-46B5-956F-0D5738B85143}.Debug|x86.ActiveCfg = Debug|x86
		{F73B2B03-87B9-46B5-956F-0D5738B85143}.Debug|x86.Build.0 = Debug|x86
		{F73B2B03-87B9-46B5-956F-0D5738B85143}.Release|Any CPU.ActiveCfg = Release|x86
		{F73B2B03-87B9-46B5-956F-0D5738B85143}.Release|Mixed Platforms.ActiveCfg = Release|x86
		{F73B2B03-87B9-46B5-956F-0D5738B85143}.Release|Mixed Platforms.Build.0 = Release|x86
		{F73B2B03-87B9-46B5-956F-0D5738B85143}.Release|x86.ActiveCfg = Release|x86
		{F73B2B03-87B9-46B5-956F-0D5738B85143}.Release|x86.Build.0 = Release|x86
		{E81F28A2-6A44-4BEE-B647-39EF00966FF3}.Debug|Any CPU.ActiveCfg = Debug|x86
		{E81F28A2-6A44-4BEE-B647-39EF00966FF3}.Debug|Mixed Platforms.ActiveCfg = Debug|x86
		{E81F28A2-6A44-4BEE-B647-39EF00966FF3}.Debug|Mixed Platforms.Build.0 = Debug|x86
		{E81F28A2-6A44-4BEE-B647-39EF00966FF3}.Debug|x86.ActiveCfg = Debug|x86
		{E81F28A2-6A44-4BEE-B647-39EF00966FF3}.Debug|x86.Build.0 = Debug|x86
		{E81F28A2-6A44-4BEE-B647-39EF00966FF3}.Release|Any CPU.ActiveCfg = Release|x86
		{E81F28A2-6A44-4BEE-B647-39EF00966FF3}.Release|Mixed Platforms.ActiveCfg = Release|x86
		{E81F28A2-6A44-4BEE-B647-39EF00966FF3}.Release|Mixed Platforms.Build.0 = Release|x86
		{E81F28A2-6A44-4BEE-B647-39EF00966FF3}.Release|x86.ActiveCfg = Release|x86
		{E81F28A2-6A44-4BEE-B647-39EF00966FF3}.Release|x86.Build.0 = Release|x86
	EndGlobalSection
	GlobalSection(SolutionProperties) = preSolution
		HideSolutionNode = FALSE
	EndGlobalSection
EndGlobal
