
Microsoft Visual Studio Solution File, Format Version 11.00
# Visual Studio 2010
Project("{FAE04EC0-301F-11D3-BF4B-00C04F79EFBC}") = "XNArtillery", "XNArtillery\XNArtillery\XNArtillery.csproj", "{D3510AA2-5D3B-408E-B4E0-5D5C1ECF41BE}"
EndProject
Project("{FAE04EC0-301F-11D3-BF4B-00C04F79EFBC}") = "XNArtilleryContent", "XNArtillery\XNArtilleryContent\XNArtilleryContent.contentproj", "{EA9D9198-D6BB-4A05-AA61-9D3315014E49}"
EndProject
Project("{FAE04EC0-301F-11D3-BF4B-00C04F79EFBC}") = "ByloEngine", "ByloEngine\ByloEngine.csproj", "{24A5FABE-7557-44EA-9ECA-88A5A853874F}"
EndProject
Project("{FAE04EC0-301F-11D3-BF4B-00C04F79EFBC}") = "ByloEngine Tester", "ByloEngine Tester\ByloEngine Tester.csproj", "{23395989-C79F-4937-A6E6-9E4F408966E2}"
EndProject
Global
	GlobalSection(SolutionConfigurationPlatforms) = preSolution
		Debug|Any CPU = Debug|Any CPU
		Debug|Mixed Platforms = Debug|Mixed Platforms
		Debug|x86 = Debug|x86
		Release|Any CPU = Release|Any CPU
		Release|Mixed Platforms = Release|Mixed Platforms
		Release|x86 = Release|x86
	EndGlobalSection
	GlobalSection(ProjectConfigurationPlatforms) = postSolution
		{D3510AA2-5D3B-408E-B4E0-5D5C1ECF41BE}.Debug|Any CPU.ActiveCfg = Debug|x86
		{D3510AA2-5D3B-408E-B4E0-5D5C1ECF41BE}.Debug|Mixed Platforms.ActiveCfg = Debug|x86
		{D3510AA2-5D3B-408E-B4E0-5D5C1ECF41BE}.Debug|Mixed Platforms.Build.0 = Debug|x86
		{D3510AA2-5D3B-408E-B4E0-5D5C1ECF41BE}.Debug|x86.ActiveCfg = Debug|x86
		{D3510AA2-5D3B-408E-B4E0-5D5C1ECF41BE}.Debug|x86.Build.0 = Debug|x86
		{D3510AA2-5D3B-408E-B4E0-5D5C1ECF41BE}.Release|Any CPU.ActiveCfg = Release|x86
		{D3510AA2-5D3B-408E-B4E0-5D5C1ECF41BE}.Release|Mixed Platforms.ActiveCfg = Release|x86
		{D3510AA2-5D3B-408E-B4E0-5D5C1ECF41BE}.Release|Mixed Platforms.Build.0 = Release|x86
		{D3510AA2-5D3B-408E-B4E0-5D5C1ECF41BE}.Release|x86.ActiveCfg = Release|x86
		{D3510AA2-5D3B-408E-B4E0-5D5C1ECF41BE}.Release|x86.Build.0 = Release|x86
		{EA9D9198-D6BB-4A05-AA61-9D3315014E49}.Debug|Any CPU.ActiveCfg = Debug|x86
		{EA9D9198-D6BB-4A05-AA61-9D3315014E49}.Debug|Mixed Platforms.ActiveCfg = Debug|x86
		{EA9D9198-D6BB-4A05-AA61-9D3315014E49}.Debug|x86.ActiveCfg = Debug|x86
		{EA9D9198-D6BB-4A05-AA61-9D3315014E49}.Release|Any CPU.ActiveCfg = Release|x86
		{EA9D9198-D6BB-4A05-AA61-9D3315014E49}.Release|Mixed Platforms.ActiveCfg = Release|x86
		{EA9D9198-D6BB-4A05-AA61-9D3315014E49}.Release|x86.ActiveCfg = Release|x86
		{24A5FABE-7557-44EA-9ECA-88A5A853874F}.Debug|Any CPU.ActiveCfg = Debug|Any CPU
		{24A5FABE-7557-44EA-9ECA-88A5A853874F}.Debug|Any CPU.Build.0 = Debug|Any CPU
		{24A5FABE-7557-44EA-9ECA-88A5A853874F}.Debug|Mixed Platforms.ActiveCfg = Debug|Any CPU
		{24A5FABE-7557-44EA-9ECA-88A5A853874F}.Debug|Mixed Platforms.Build.0 = Debug|Any CPU
		{24A5FABE-7557-44EA-9ECA-88A5A853874F}.Debug|x86.ActiveCfg = Debug|Any CPU
		{24A5FABE-7557-44EA-9ECA-88A5A853874F}.Release|Any CPU.ActiveCfg = Release|Any CPU
		{24A5FABE-7557-44EA-9ECA-88A5A853874F}.Release|Any CPU.Build.0 = Release|Any CPU
		{24A5FABE-7557-44EA-9ECA-88A5A853874F}.Release|Mixed Platforms.ActiveCfg = Release|Any CPU
		{24A5FABE-7557-44EA-9ECA-88A5A853874F}.Release|Mixed Platforms.Build.0 = Release|Any CPU
		{24A5FABE-7557-44EA-9ECA-88A5A853874F}.Release|x86.ActiveCfg = Release|Any CPU
		{23395989-C79F-4937-A6E6-9E4F408966E2}.Debug|Any CPU.ActiveCfg = Debug|x86
		{23395989-C79F-4937-A6E6-9E4F408966E2}.Debug|Mixed Platforms.ActiveCfg = Debug|x86
		{23395989-C79F-4937-A6E6-9E4F408966E2}.Debug|Mixed Platforms.Build.0 = Debug|x86
		{23395989-C79F-4937-A6E6-9E4F408966E2}.Debug|x86.ActiveCfg = Debug|x86
		{23395989-C79F-4937-A6E6-9E4F408966E2}.Debug|x86.Build.0 = Debug|x86
		{23395989-C79F-4937-A6E6-9E4F408966E2}.Release|Any CPU.ActiveCfg = Release|x86
		{23395989-C79F-4937-A6E6-9E4F408966E2}.Release|Mixed Platforms.ActiveCfg = Release|x86
		{23395989-C79F-4937-A6E6-9E4F408966E2}.Release|Mixed Platforms.Build.0 = Release|x86
		{23395989-C79F-4937-A6E6-9E4F408966E2}.Release|x86.ActiveCfg = Release|x86
		{23395989-C79F-4937-A6E6-9E4F408966E2}.Release|x86.Build.0 = Release|x86
	EndGlobalSection
	GlobalSection(SolutionProperties) = preSolution
		HideSolutionNode = FALSE
	EndGlobalSection
EndGlobal
